
Microsoft Visual Studio Solution File, Format Version 12.00
# Visual Studio Version 17
VisualStudioVersion = 17.5.33326.253
MinimumVisualStudioVersion = 10.0.40219.1
Project("{888888A0-9F3D-457C-B088-3A5042F75D52}") = "Main.py", "Main.py\Main.py.pyproj", "{A93BD5EB-A343-49B7-8E6B-3624EFB62A44}"
EndProject
Global
	GlobalSection(SolutionConfigurationPlatforms) = preSolution
		Debug|Any CPU = Debug|Any CPU
		Release|Any CPU = Release|Any CPU
	EndGlobalSection
	GlobalSection(ProjectConfigurationPlatforms) = postSolution
		{A93BD5EB-A343-49B7-8E6B-3624EFB62A44}.Debug|Any CPU.ActiveCfg = Debug|Any CPU
		{A93BD5EB-A343-49B7-8E6B-3624EFB62A44}.Release|Any CPU.ActiveCfg = Release|Any CPU
	EndGlobalSection
	GlobalSection(SolutionProperties) = preSolution
		HideSolutionNode = FALSE
	EndGlobalSection
	GlobalSection(ExtensibilityGlobals) = postSolution
		SolutionGuid = {778CEE9F-8B15-4375-8E79-53D2045A5C78}
	EndGlobalSection
EndGlobal
